
Microsoft Visual Studio Solution File, Format Version 12.00
# Visual Studio Version 16
VisualStudioVersion = 16.0.30626.31
MinimumVisualStudioVersion = 10.0.40219.1
Project("{9A19103F-16F7-4668-BE54-9A1E7A4F7556}") = "ShopsParser", "ShopsParser\ShopsParser.csproj", "{0DC9B2E8-A99F-439A-896E-42CE0AF159DC}"
EndProject
Project("{9A19103F-16F7-4668-BE54-9A1E7A4F7556}") = "ProductsWebApi", "ProductsWebApi\ProductsWebApi.csproj", "{7FCC61BD-ADE7-4184-B5D8-CF1394077E78}"
EndProject
Project("{9A19103F-16F7-4668-BE54-9A1E7A4F7556}") = "ProductsWebApi_Test", "ProductsWebApi_Test\ProductsWebApi_Test.csproj", "{73311F7E-1767-4B3B-B03E-9F38A0782494}"
EndProject
Project("{9A19103F-16F7-4668-BE54-9A1E7A4F7556}") = "ShopsDbEntities", "ProductsEntities\ShopsDbEntities.csproj", "{A7974540-DBD9-4BDF-BD8A-BEB1163A4513}"
EndProject
Project("{9A19103F-16F7-4668-BE54-9A1E7A4F7556}") = "ShopDeliveryApplication", "ShopDeliveryApplication\ShopDeliveryApplication.csproj", "{DD33634A-D4FC-458C-A68A-7753E508705D}"
EndProject
Project("{9A19103F-16F7-4668-BE54-9A1E7A4F7556}") = "CouriersWebService", "CouriersWebService\CouriersWebService.csproj", "{ABC0A0E1-1494-42C8-973A-2B7A85E92E53}"
EndProject
Project("{9A19103F-16F7-4668-BE54-9A1E7A4F7556}") = "OrdersHandler", "OrdersHandler\OrdersHandler.csproj", "{6465F6A1-D553-4B3D-8D0D-DAE2C347CFA8}"
EndProject
Global
	GlobalSection(SolutionConfigurationPlatforms) = preSolution
		Debug|Any CPU = Debug|Any CPU
		Release|Any CPU = Release|Any CPU
	EndGlobalSection
	GlobalSection(ProjectConfigurationPlatforms) = postSolution
		{0DC9B2E8-A99F-439A-896E-42CE0AF159DC}.Debug|Any CPU.ActiveCfg = Debug|Any CPU
		{0DC9B2E8-A99F-439A-896E-42CE0AF159DC}.Debug|Any CPU.Build.0 = Debug|Any CPU
		{0DC9B2E8-A99F-439A-896E-42CE0AF159DC}.Release|Any CPU.ActiveCfg = Release|Any CPU
		{0DC9B2E8-A99F-439A-896E-42CE0AF159DC}.Release|Any CPU.Build.0 = Release|Any CPU
		{7FCC61BD-ADE7-4184-B5D8-CF1394077E78}.Debug|Any CPU.ActiveCfg = Debug|Any CPU
		{7FCC61BD-ADE7-4184-B5D8-CF1394077E78}.Debug|Any CPU.Build.0 = Debug|Any CPU
		{7FCC61BD-ADE7-4184-B5D8-CF1394077E78}.Release|Any CPU.ActiveCfg = Release|Any CPU
		{7FCC61BD-ADE7-4184-B5D8-CF1394077E78}.Release|Any CPU.Build.0 = Release|Any CPU
		{73311F7E-1767-4B3B-B03E-9F38A0782494}.Debug|Any CPU.ActiveCfg = Debug|Any CPU
		{73311F7E-1767-4B3B-B03E-9F38A0782494}.Debug|Any CPU.Build.0 = Debug|Any CPU
		{73311F7E-1767-4B3B-B03E-9F38A0782494}.Release|Any CPU.ActiveCfg = Release|Any CPU
		{73311F7E-1767-4B3B-B03E-9F38A0782494}.Release|Any CPU.Build.0 = Release|Any CPU
		{A7974540-DBD9-4BDF-BD8A-BEB1163A4513}.Debug|Any CPU.ActiveCfg = Debug|Any CPU
		{A7974540-DBD9-4BDF-BD8A-BEB1163A4513}.Debug|Any CPU.Build.0 = Debug|Any CPU
		{A7974540-DBD9-4BDF-BD8A-BEB1163A4513}.Release|Any CPU.ActiveCfg = Release|Any CPU
		{A7974540-DBD9-4BDF-BD8A-BEB1163A4513}.Release|Any CPU.Build.0 = Release|Any CPU
		{DD33634A-D4FC-458C-A68A-7753E508705D}.Debug|Any CPU.ActiveCfg = Debug|Any CPU
		{DD33634A-D4FC-458C-A68A-7753E508705D}.Debug|Any CPU.Build.0 = Debug|Any CPU
		{DD33634A-D4FC-458C-A68A-7753E508705D}.Release|Any CPU.ActiveCfg = Release|Any CPU
		{DD33634A-D4FC-458C-A68A-7753E508705D}.Release|Any CPU.Build.0 = Release|Any CPU
		{ABC0A0E1-1494-42C8-973A-2B7A85E92E53}.Debug|Any CPU.ActiveCfg = Debug|Any CPU
		{ABC0A0E1-1494-42C8-973A-2B7A85E92E53}.Debug|Any CPU.Build.0 = Debug|Any CPU
		{ABC0A0E1-1494-42C8-973A-2B7A85E92E53}.Release|Any CPU.ActiveCfg = Release|Any CPU
		{ABC0A0E1-1494-42C8-973A-2B7A85E92E53}.Release|Any CPU.Build.0 = Release|Any CPU
		{6465F6A1-D553-4B3D-8D0D-DAE2C347CFA8}.Debug|Any CPU.ActiveCfg = Debug|Any CPU
		{6465F6A1-D553-4B3D-8D0D-DAE2C347CFA8}.Debug|Any CPU.Build.0 = Debug|Any CPU
		{6465F6A1-D553-4B3D-8D0D-DAE2C347CFA8}.Release|Any CPU.ActiveCfg = Release|Any CPU
		{6465F6A1-D553-4B3D-8D0D-DAE2C347CFA8}.Release|Any CPU.Build.0 = Release|Any CPU
	EndGlobalSection
	GlobalSection(SolutionProperties) = preSolution
		HideSolutionNode = FALSE
	EndGlobalSection
	GlobalSection(ExtensibilityGlobals) = postSolution
		SolutionGuid = {20E4752B-4534-4857-ABDB-A40F320A2098}
	EndGlobalSection
EndGlobal
