
Microsoft Visual Studio Solution File, Format Version 12.00
# Visual Studio Version 16
VisualStudioVersion = 16.0.30626.31
MinimumVisualStudioVersion = 10.0.40219.1
Project("{9A19103F-16F7-4668-BE54-9A1E7A4F7556}") = "ShopsParser", "ShopsParser\ShopsParser.csproj", "{0DC9B2E8-A99F-439A-896E-42CE0AF159DC}"
EndProject
Project("{FAE04EC0-301F-11D3-BF4B-00C04F79EFBC}") = "ProductsWebApi", "ProductsWebApi\ProductsWebApi.csproj", "{7FCC61BD-ADE7-4184-B5D8-CF1394077E78}"
EndProject
Global
	GlobalSection(SolutionConfigurationPlatforms) = preSolution
		Debug|Any CPU = Debug|Any CPU
		Release|Any CPU = Release|Any CPU
	EndGlobalSection
	GlobalSection(ProjectConfigurationPlatforms) = postSolution
		{0DC9B2E8-A99F-439A-896E-42CE0AF159DC}.Debug|Any CPU.ActiveCfg = Debug|Any CPU
		{0DC9B2E8-A99F-439A-896E-42CE0AF159DC}.Debug|Any CPU.Build.0 = Debug|Any CPU
		{0DC9B2E8-A99F-439A-896E-42CE0AF159DC}.Release|Any CPU.ActiveCfg = Release|Any CPU
		{0DC9B2E8-A99F-439A-896E-42CE0AF159DC}.Release|Any CPU.Build.0 = Release|Any CPU
		{7FCC61BD-ADE7-4184-B5D8-CF1394077E78}.Debug|Any CPU.ActiveCfg = Debug|Any CPU
		{7FCC61BD-ADE7-4184-B5D8-CF1394077E78}.Debug|Any CPU.Build.0 = Debug|Any CPU
		{7FCC61BD-ADE7-4184-B5D8-CF1394077E78}.Release|Any CPU.ActiveCfg = Release|Any CPU
		{7FCC61BD-ADE7-4184-B5D8-CF1394077E78}.Release|Any CPU.Build.0 = Release|Any CPU
	EndGlobalSection
	GlobalSection(SolutionProperties) = preSolution
		HideSolutionNode = FALSE
	EndGlobalSection
	GlobalSection(ExtensibilityGlobals) = postSolution
		SolutionGuid = {20E4752B-4534-4857-ABDB-A40F320A2098}
	EndGlobalSection
EndGlobal
